
Microsoft Visual Studio Solution File, Format Version 12.00
# Visual Studio Version 16
VisualStudioVersion = 16.0.30907.101
MinimumVisualStudioVersion = 10.0.40219.1
Project("{FAE04EC0-301F-11D3-BF4B-00C04F79EFBC}") = "pdf-processor-1.5", "pdf-processor-1.5\pdf-processor-1.5.csproj", "{362EF03A-F22B-4F9E-9801-3FAEA391EF0D}"
EndProject
Global
	GlobalSection(SolutionConfigurationPlatforms) = preSolution
		Debug|Any CPU = Debug|Any CPU
		Release|Any CPU = Release|Any CPU
	EndGlobalSection
	GlobalSection(ProjectConfigurationPlatforms) = postSolution
		{362EF03A-F22B-4F9E-9801-3FAEA391EF0D}.Debug|Any CPU.ActiveCfg = Debug|Any CPU
		{362EF03A-F22B-4F9E-9801-3FAEA391EF0D}.Debug|Any CPU.Build.0 = Debug|Any CPU
		{362EF03A-F22B-4F9E-9801-3FAEA391EF0D}.Release|Any CPU.ActiveCfg = Release|Any CPU
		{362EF03A-F22B-4F9E-9801-3FAEA391EF0D}.Release|Any CPU.Build.0 = Release|Any CPU
	EndGlobalSection
	GlobalSection(SolutionProperties) = preSolution
		HideSolutionNode = FALSE
	EndGlobalSection
	GlobalSection(ExtensibilityGlobals) = postSolution
		SolutionGuid = {B199D946-A30C-43A9-AA1E-4DA0973EFDE2}
	EndGlobalSection
EndGlobal
